<?xml version="1.0" encoding="UTF-8"?>
<Scheme
   LastUpgradeVersion = "0510"
   version = "1.7">
   <BuildAction
      parallelizeBuildables = "YES"
      buildImplicitDependencies = "YES">
      <PreActions>
         <ExecutionAction
            ActionType = "Xcode.IDEStandardExecutionActionsCore.ExecutionActionType.ShellScriptAction">
            <ActionContent
               title = "Setup garbage collection support"
               scriptText = "if [ ${XCODE_VERSION_MAJOR} -ge 500 ]; then&#10;    GCC_ENABLE_OBJC_GC=unsupported&#10;else&#10;    GCC_ENABLE_OBJC_GC=required&#10;fi&#10;&#10;echo &quot;GCC_ENABLE_OBJC_GC = ${GCC_ENABLE_OBJC_GC}&quot; &gt; &quot;${SRCROOT}/xcproj.xcconfig&quot;">
               <EnvironmentBuildable>
                  <BuildableReference
                     BuildableIdentifier = "primary"
                     BlueprintIdentifier = "8DD76F960486AA7600D96B5E"
                     BuildableName = "xcproj"
                     BlueprintName = "xcproj"
                     ReferencedContainer = "container:xcproj.xcodeproj">
                  </BuildableReference>
               </EnvironmentBuildable>
            </ActionContent>
         </ExecutionAction>
      </PreActions>
      <PostActions>
         <ExecutionAction
            ActionType = "Xcode.IDEStandardExecutionActionsCore.ExecutionActionType.ShellScriptAction">
            <ActionContent
               title = "Run Script"
               scriptText = "git checkout &quot;${SRCROOT}/xcproj.xcconfig&quot;">
               <EnvironmentBuildable>
                  <BuildableReference
                     BuildableIdentifier = "primary"
                     BlueprintIdentifier = "8DD76F960486AA7600D96B5E"
                     BuildableName = "xcproj"
                     BlueprintName = "xcproj"
                     ReferencedContainer = "container:xcproj.xcodeproj">
                  </BuildableReference>
               </EnvironmentBuildable>
            </ActionContent>
         </ExecutionAction>
      </PostActions>
      <BuildActionEntries>
         <BuildActionEntry
            buildForTesting = "YES"
            buildForRunning = "YES"
            buildForProfiling = "YES"
            buildForArchiving = "YES"
            buildForAnalyzing = "YES">
            <BuildableReference
               BuildableIdentifier = "primary"
               BlueprintIdentifier = "8DD76F960486AA7600D96B5E"
               BuildableName = "xcproj"
               BlueprintName = "xcproj"
               ReferencedContainer = "container:xcproj.xcodeproj">
            </BuildableReference>
         </BuildActionEntry>
      </BuildActionEntries>
   </BuildAction>
   <TestAction
      selectedDebuggerIdentifier = "Xcode.DebuggerFoundation.Debugger.LLDB"
      selectedLauncherIdentifier = "Xcode.DebuggerFoundation.Launcher.LLDB"
      shouldUseLaunchSchemeArgsEnv = "YES"
      buildConfiguration = "Debug">
      <Testables>
      </Testables>
      <MacroExpansion>
         <BuildableReference
            BuildableIdentifier = "primary"
            BlueprintIdentifier = "8DD76F960486AA7600D96B5E"
            BuildableName = "xcproj"
            BlueprintName = "xcproj"
            ReferencedContainer = "container:xcproj.xcodeproj">
         </BuildableReference>
      </MacroExpansion>
   </TestAction>
   <LaunchAction
      selectedDebuggerIdentifier = "Xcode.DebuggerFoundation.Debugger.LLDB"
      selectedLauncherIdentifier = "Xcode.DebuggerFoundation.Launcher.LLDB"
      launchStyle = "0"
      useCustomWorkingDirectory = "YES"
      customWorkingDirectory = "$(SRCROOT)/Sandbox/"
      buildConfiguration = "Debug"
      ignoresPersistentStateOnLaunch = "NO"
      debugDocumentVersioning = "YES"
      allowLocationSimulation = "YES">
      <BuildableProductRunnable>
         <BuildableReference
            BuildableIdentifier = "primary"
            BlueprintIdentifier = "8DD76F960486AA7600D96B5E"
            BuildableName = "xcproj"
            BlueprintName = "xcproj"
            ReferencedContainer = "container:xcproj.xcodeproj">
         </BuildableReference>
      </BuildableProductRunnable>
      <CommandLineArguments>
         <CommandLineArgument
            argument = "touch"
            isEnabled = "NO">
         </CommandLineArgument>
         <CommandLineArgument
            argument = "--project Sandbox.xcodeproj"
            isEnabled = "NO">
         </CommandLineArgument>
         <CommandLineArgument
            argument = "--vers"
            isEnabled = "YES">
         </CommandLineArgument>
         <CommandLineArgument
            argument = "--help"
            isEnabled = "NO">
         </CommandLineArgument>
         <CommandLineArgument
            argument = "add-resources-bundle Resources/v2.0/test.bundle"
            isEnabled = "NO">
         </CommandLineArgument>
         <CommandLineArgument
            argument = "list-headers"
            isEnabled = "NO">
         </CommandLineArgument>
      </CommandLineArguments>
      <AdditionalOptions>
      </AdditionalOptions>
   </LaunchAction>
   <ProfileAction
      shouldUseLaunchSchemeArgsEnv = "YES"
      savedToolIdentifier = ""
      useCustomWorkingDirectory = "NO"
      buildConfiguration = "Release"
      debugDocumentVersioning = "YES">
      <BuildableProductRunnable>
         <BuildableReference
            BuildableIdentifier = "primary"
            BlueprintIdentifier = "8DD76F960486AA7600D96B5E"
            BuildableName = "xcproj"
            BlueprintName = "xcproj"
            ReferencedContainer = "container:xcproj.xcodeproj">
         </BuildableReference>
      </BuildableProductRunnable>
   </ProfileAction>
   <AnalyzeAction
      buildConfiguration = "Debug">
   </AnalyzeAction>
   <ArchiveAction
      buildConfiguration = "Release"
      revealArchiveInOrganizer = "YES">
   </ArchiveAction>
</Scheme>
