// !$*UTF8*$!
{
	archiveVersion = 1;
	classes = {
	};
	objectVersion = 45;
	objects = {

/* Begin PBXBuildFile section */
		8DD76F9A0486AA7600D96B5E /* main.m in Sources */ = {isa = PBXBuildFile; fileRef = 08FB7796FE84155DC02AAC07 /* main.m */; settings = {ATTRIBUTES = (); }; };
		8DD76F9C0486AA7600D96B5E /* Foundation.framework in Frameworks */ = {isa = PBXBuildFile; fileRef = 08FB779EFE84155DC02AAC07 /* Foundation.framework */; };
		DA1DC01010E59AED005A103B /* Xcodeproj.m in Sources */ = {isa = PBXBuildFile; fileRef = DA1DC00E10E59AED005A103B /* Xcodeproj.m */; };
		DA524B56130081F700D04282 /* libddcli.a in Frameworks */ = {isa = PBXBuildFile; fileRef = DA524B51130081E500D04282 /* libddcli.a */; };
/* End PBXBuildFile section */

/* Begin PBXContainerItemProxy section */
		DA524B4C130081E500D04282 /* PBXContainerItemProxy */ = {
			isa = PBXContainerItemProxy;
			containerPortal = DA1DBFA610E599F2005A103B /* ddcli.xcodeproj */;
			proxyType = 2;
			remoteGlobalIDString = 8DD76FA10486AA7600D96B5E /* example */;
			remoteInfo = example;
		};
		DA524B4E130081E500D04282 /* PBXContainerItemProxy */ = {
			isa = PBXContainerItemProxy;
			containerPortal = DA1DBFA610E599F2005A103B /* ddcli.xcodeproj */;
			proxyType = 2;
			remoteGlobalIDString = 55CCE9760C1380C900FA06C6 /* simple */;
			remoteInfo = simple;
		};
		DA524B50130081E500D04282 /* PBXContainerItemProxy */ = {
			isa = PBXContainerItemProxy;
			containerPortal = DA1DBFA610E599F2005A103B /* ddcli.xcodeproj */;
			proxyType = 2;
			remoteGlobalIDString = 55CCE92E0C137F7D00FA06C6 /* libddcli.a */;
			remoteInfo = ddcli;
		};
		DA524B54130081EB00D04282 /* PBXContainerItemProxy */ = {
			isa = PBXContainerItemProxy;
			containerPortal = DA1DBFA610E599F2005A103B /* ddcli.xcodeproj */;
			proxyType = 1;
			remoteGlobalIDString = 55CCE92D0C137F7D00FA06C6 /* ddcli */;
			remoteInfo = ddcli;
		};
/* End PBXContainerItemProxy section */

/* Begin PBXFileReference section */
		08FB7796FE84155DC02AAC07 /* main.m */ = {isa = PBXFileReference; fileEncoding = 4; lastKnownFileType = sourcecode.c.objc; path = main.m; sourceTree = "<group>"; };
		08FB779EFE84155DC02AAC07 /* Foundation.framework */ = {isa = PBXFileReference; lastKnownFileType = wrapper.framework; name = Foundation.framework; path = /System/Library/Frameworks/Foundation.framework; sourceTree = "<absolute>"; };
		32A70AAB03705E1F00C91783 /* xcodeproj_Prefix.pch */ = {isa = PBXFileReference; fileEncoding = 4; lastKnownFileType = sourcecode.c.h; path = xcodeproj_Prefix.pch; sourceTree = "<group>"; };
		8DD76FA10486AA7600D96B5E /* xcodeproj */ = {isa = PBXFileReference; explicitFileType = "compiled.mach-o.executable"; includeInIndex = 0; path = xcodeproj; sourceTree = BUILT_PRODUCTS_DIR; };
		DA1DBFA610E599F2005A103B /* ddcli.xcodeproj */ = {isa = PBXFileReference; lastKnownFileType = "wrapper.pb-project"; name = ddcli.xcodeproj; path = Sources/ddcli/ddcli.xcodeproj; sourceTree = DEVELOPER_DIR; };
		DA1DC00E10E59AED005A103B /* Xcodeproj.m */ = {isa = PBXFileReference; fileEncoding = 4; lastKnownFileType = sourcecode.c.objc; path = Xcodeproj.m; sourceTree = "<group>"; };
		DA1DC00F10E59AED005A103B /* Xcodeproj.h */ = {isa = PBXFileReference; fileEncoding = 4; lastKnownFileType = sourcecode.c.h; path = Xcodeproj.h; sourceTree = "<group>"; };
/* End PBXFileReference section */

/* Begin PBXFrameworksBuildPhase section */
		8DD76F9B0486AA7600D96B5E /* Frameworks */ = {
			isa = PBXFrameworksBuildPhase;
			buildActionMask = 2147483647;
			files = (
				DA524B56130081F700D04282 /* libddcli.a in Frameworks */,
				8DD76F9C0486AA7600D96B5E /* Foundation.framework in Frameworks */,
			);
			runOnlyForDeploymentPostprocessing = 0;
		};
/* End PBXFrameworksBuildPhase section */

/* Begin PBXGroup section */
		08FB7794FE84155DC02AAC07 /* xcodeproj */ = {
			isa = PBXGroup;
			children = (
				DA1DBFA610E599F2005A103B /* ddcli.xcodeproj */,
				08FB7795FE84155DC02AAC07 /* Source */,
				08FB779DFE84155DC02AAC07 /* Frameworks */,
				1AB674ADFE9D54B511CA2CBB /* Products */,
			);
			name = xcodeproj;
			sourceTree = "<group>";
		};
		08FB7795FE84155DC02AAC07 /* Source */ = {
			isa = PBXGroup;
			children = (
				32A70AAB03705E1F00C91783 /* xcodeproj_Prefix.pch */,
				08FB7796FE84155DC02AAC07 /* main.m */,
				DA1DC00E10E59AED005A103B /* Xcodeproj.m */,
				DA1DC00F10E59AED005A103B /* Xcodeproj.h */,
			);
			name = Source;
			sourceTree = "<group>";
		};
		08FB779DFE84155DC02AAC07 /* Frameworks */ = {
			isa = PBXGroup;
			children = (
				08FB779EFE84155DC02AAC07 /* Foundation.framework */,
			);
			name = Frameworks;
			sourceTree = "<group>";
		};
		1AB674ADFE9D54B511CA2CBB /* Products */ = {
			isa = PBXGroup;
			children = (
				8DD76FA10486AA7600D96B5E /* xcodeproj */,
			);
			name = Products;
			sourceTree = "<group>";
		};
		DA524B46130081E500D04282 /* Products */ = {
			isa = PBXGroup;
			children = (
				DA524B4D130081E500D04282 /* example */,
				DA524B4F130081E500D04282 /* simple */,
				DA524B51130081E500D04282 /* libddcli.a */,
			);
			name = Products;
			sourceTree = "<group>";
		};
/* End PBXGroup section */

/* Begin PBXNativeTarget section */
		8DD76F960486AA7600D96B5E /* xcodeproj */ = {
			isa = PBXNativeTarget;
			buildConfigurationList = 1DEB927408733DD40010E9CD /* Build configuration list for PBXNativeTarget "xcodeproj" */;
			buildPhases = (
				8DD76F990486AA7600D96B5E /* Sources */,
				8DD76F9B0486AA7600D96B5E /* Frameworks */,
			);
			buildRules = (
			);
			dependencies = (
				DA524B55130081EB00D04282 /* PBXTargetDependency */,
			);
			name = xcodeproj;
			productInstallPath = "$(HOME)/bin";
			productName = xcodeproj;
			productReference = 8DD76FA10486AA7600D96B5E /* xcodeproj */;
			productType = "com.apple.product-type.tool";
		};
/* End PBXNativeTarget section */

/* Begin PBXProject section */
		08FB7793FE84155DC02AAC07 /* Project object */ = {
			isa = PBXProject;
			attributes = {
				ORGANIZATIONNAME = "Cédric Luthi";
			};
			buildConfigurationList = 1DEB927808733DD40010E9CD /* Build configuration list for PBXProject "xcodeproj" */;
			compatibilityVersion = "Xcode 3.1";
			developmentRegion = English;
			hasScannedForEncodings = 1;
			knownRegions = (
				English,
				Japanese,
				French,
				German,
			);
			mainGroup = 08FB7794FE84155DC02AAC07 /* xcodeproj */;
			projectDirPath = "";
			projectReferences = (
				{
					ProductGroup = DA524B46130081E500D04282 /* Products */;
					ProjectRef = DA1DBFA610E599F2005A103B /* ddcli.xcodeproj */;
				},
			);
			projectRoot = "";
			targets = (
				8DD76F960486AA7600D96B5E /* xcodeproj */,
			);
		};
/* End PBXProject section */

/* Begin PBXReferenceProxy section */
		DA524B4D130081E500D04282 /* example */ = {
			isa = PBXReferenceProxy;
			fileType = "compiled.mach-o.executable";
			path = example;
			remoteRef = DA524B4C130081E500D04282 /* PBXContainerItemProxy */;
			sourceTree = BUILT_PRODUCTS_DIR;
		};
		DA524B4F130081E500D04282 /* simple */ = {
			isa = PBXReferenceProxy;
			fileType = "compiled.mach-o.executable";
			path = simple;
			remoteRef = DA524B4E130081E500D04282 /* PBXContainerItemProxy */;
			sourceTree = BUILT_PRODUCTS_DIR;
		};
		DA524B51130081E500D04282 /* libddcli.a */ = {
			isa = PBXReferenceProxy;
			fileType = archive.ar;
			path = libddcli.a;
			remoteRef = DA524B50130081E500D04282 /* PBXContainerItemProxy */;
			sourceTree = BUILT_PRODUCTS_DIR;
		};
/* End PBXReferenceProxy section */

/* Begin PBXSourcesBuildPhase section */
		8DD76F990486AA7600D96B5E /* Sources */ = {
			isa = PBXSourcesBuildPhase;
			buildActionMask = 2147483647;
			files = (
				8DD76F9A0486AA7600D96B5E /* main.m in Sources */,
				DA1DC01010E59AED005A103B /* Xcodeproj.m in Sources */,
			);
			runOnlyForDeploymentPostprocessing = 0;
		};
/* End PBXSourcesBuildPhase section */

/* Begin PBXTargetDependency section */
		DA524B55130081EB00D04282 /* PBXTargetDependency */ = {
			isa = PBXTargetDependency;
			name = ddcli;
			targetProxy = DA524B54130081EB00D04282 /* PBXContainerItemProxy */;
		};
/* End PBXTargetDependency section */

/* Begin XCBuildConfiguration section */
		1DEB927508733DD40010E9CD /* Debug */ = {
			isa = XCBuildConfiguration;
			buildSettings = {
				ALWAYS_SEARCH_USER_PATHS = NO;
				COPY_PHASE_STRIP = NO;
				GCC_DYNAMIC_NO_PIC = NO;
				GCC_ENABLE_FIX_AND_CONTINUE = YES;
				GCC_MODEL_TUNING = G5;
				GCC_OPTIMIZATION_LEVEL = 0;
				GCC_PRECOMPILE_PREFIX_HEADER = YES;
				GCC_PREFIX_HEADER = xcodeproj_Prefix.pch;
				INSTALL_PATH = /usr/local/bin;
				PRODUCT_NAME = xcodeproj;
			};
			name = Debug;
		};
		1DEB927608733DD40010E9CD /* Release */ = {
			isa = XCBuildConfiguration;
			buildSettings = {
				ALWAYS_SEARCH_USER_PATHS = NO;
				DEBUG_INFORMATION_FORMAT = "dwarf-with-dsym";
				DEPLOYMENT_POSTPROCESSING = YES;
				GCC_MODEL_TUNING = G5;
				GCC_PRECOMPILE_PREFIX_HEADER = YES;
				GCC_PREFIX_HEADER = xcodeproj_Prefix.pch;
				INSTALL_PATH = /bin;
				PRODUCT_NAME = xcodeproj;
			};
			name = Release;
		};
		1DEB927908733DD40010E9CD /* Debug */ = {
			isa = XCBuildConfiguration;
			buildSettings = {
				ARCHS = "$(ARCHS_STANDARD_32_BIT)";
				GCC_C_LANGUAGE_STANDARD = c99;
				GCC_OPTIMIZATION_LEVEL = 0;
				GCC_WARN_ABOUT_RETURN_TYPE = YES;
				GCC_WARN_UNUSED_VARIABLE = YES;
				HEADER_SEARCH_PATHS = "$(DEVELOPER_DIR)/Sources/ddcli-1.0/lib";
				ONLY_ACTIVE_ARCH = YES;
				PREBINDING = NO;
				SDKROOT = macosx10.5;
			};
			name = Debug;
		};
		1DEB927A08733DD40010E9CD /* Release */ = {
			isa = XCBuildConfiguration;
			buildSettings = {
				ARCHS = "$(ARCHS_STANDARD_32_BIT)";
				GCC_C_LANGUAGE_STANDARD = c99;
				GCC_WARN_ABOUT_RETURN_TYPE = YES;
				GCC_WARN_UNUSED_VARIABLE = YES;
				HEADER_SEARCH_PATHS = "$(DEVELOPER_DIR)/Sources/ddcli-1.0/lib";
				PREBINDING = NO;
				SDKROOT = macosx10.5;
			};
			name = Release;
		};
/* End XCBuildConfiguration section */

/* Begin XCConfigurationList section */
		1DEB927408733DD40010E9CD /* Build configuration list for PBXNativeTarget "xcodeproj" */ = {
			isa = XCConfigurationList;
			buildConfigurations = (
				1DEB927508733DD40010E9CD /* Debug */,
				1DEB927608733DD40010E9CD /* Release */,
			);
			defaultConfigurationIsVisible = 0;
			defaultConfigurationName = Release;
		};
		1DEB927808733DD40010E9CD /* Build configuration list for PBXProject "xcodeproj" */ = {
			isa = XCConfigurationList;
			buildConfigurations = (
				1DEB927908733DD40010E9CD /* Debug */,
				1DEB927A08733DD40010E9CD /* Release */,
			);
			defaultConfigurationIsVisible = 0;
			defaultConfigurationName = Release;
		};
/* End XCConfigurationList section */
	};
	rootObject = 08FB7793FE84155DC02AAC07 /* Project object */;
}
