// !$*UTF8*$!
{
	archiveVersion = 1;
	classes = {
	};
	objectVersion = 46;
	objects = {

/* Begin PBXAggregateTarget section */
		DA7A01DA134F033800F89E9B /* Run Scripts */ = {
			isa = PBXAggregateTarget;
			buildConfigurationList = DA7A01E3134F033F00F89E9B /* Build configuration list for PBXAggregateTarget "Run Scripts" */;
			buildPhases = (
				DA7A01D9134F033800F89E9B /* Extract Type Information */,
				DA7A0444134F2DEB00F89E9B /* Embed Protocols */,
			);
			dependencies = (
			);
			name = "Run Scripts";
			productName = "Run Scripts";
		};
/* End PBXAggregateTarget section */

/* Begin PBXBuildFile section */
		8DD76F9A0486AA7600D96B5E /* main.m in Sources */ = {isa = PBXBuildFile; fileRef = 08FB7796FE84155DC02AAC07 /* main.m */; settings = {ATTRIBUTES = (); }; };
		8DD76F9C0486AA7600D96B5E /* Foundation.framework in Frameworks */ = {isa = PBXBuildFile; fileRef = 08FB779EFE84155DC02AAC07 /* Foundation.framework */; };
		DA1DC01010E59AED005A103B /* Xcodeproj.m in Sources */ = {isa = PBXBuildFile; fileRef = DA1DC00E10E59AED005A103B /* Xcodeproj.m */; };
		DA7A044C134F2EBF00F89E9B /* Protocols.m in Sources */ = {isa = PBXBuildFile; fileRef = DA7A044B134F2EBF00F89E9B /* Protocols.m */; };
		DA7A0C9C1352F8B500F89E9B /* libddcli.a in Frameworks */ = {isa = PBXBuildFile; fileRef = DA7A0C9B1352F8B500F89E9B /* libddcli.a */; };
		DAFF25CC1303ECB100584E0E /* XCDUndocumentedChecker.m in Sources */ = {isa = PBXBuildFile; fileRef = DAFF25CB1303ECB100584E0E /* XCDUndocumentedChecker.m */; };
/* End PBXBuildFile section */

/* Begin PBXContainerItemProxy section */
		DA7A01E5134F037300F89E9B /* PBXContainerItemProxy */ = {
			isa = PBXContainerItemProxy;
			containerPortal = 08FB7793FE84155DC02AAC07 /* Project object */;
			proxyType = 1;
			remoteGlobalIDString = DA7A01DA134F033800F89E9B;
			remoteInfo = "Run Scripts";
		};
/* End PBXContainerItemProxy section */

/* Begin PBXFileReference section */
		08FB7796FE84155DC02AAC07 /* main.m */ = {isa = PBXFileReference; fileEncoding = 4; lastKnownFileType = sourcecode.c.objc; name = main.m; path = Sources/main.m; sourceTree = "<group>"; };
		08FB779EFE84155DC02AAC07 /* Foundation.framework */ = {isa = PBXFileReference; lastKnownFileType = wrapper.framework; name = Foundation.framework; path = /System/Library/Frameworks/Foundation.framework; sourceTree = "<absolute>"; };
		32A70AAB03705E1F00C91783 /* xcodeproj_Prefix.pch */ = {isa = PBXFileReference; fileEncoding = 4; lastKnownFileType = sourcecode.c.h; name = xcodeproj_Prefix.pch; path = Sources/xcodeproj_Prefix.pch; sourceTree = "<group>"; };
		8DD76FA10486AA7600D96B5E /* xcodeproj */ = {isa = PBXFileReference; explicitFileType = "compiled.mach-o.executable"; includeInIndex = 0; path = xcodeproj; sourceTree = BUILT_PRODUCTS_DIR; };
		DA1DC00E10E59AED005A103B /* Xcodeproj.m */ = {isa = PBXFileReference; fileEncoding = 4; lastKnownFileType = sourcecode.c.objc; lineEnding = 0; name = Xcodeproj.m; path = Sources/Xcodeproj.m; sourceTree = "<group>"; xcLanguageSpecificationIdentifier = xcode.lang.objc; };
		DA1DC00F10E59AED005A103B /* Xcodeproj.h */ = {isa = PBXFileReference; fileEncoding = 4; lastKnownFileType = sourcecode.c.h; name = Xcodeproj.h; path = Sources/Xcodeproj.h; sourceTree = "<group>"; };
		DA7A018E134F015F00F89E9B /* PBXContainer.h */ = {isa = PBXFileReference; fileEncoding = 4; lastKnownFileType = sourcecode.c.h; path = PBXContainer.h; sourceTree = "<group>"; };
		DA7A018F134F01DE00F89E9B /* PBXGroup.h */ = {isa = PBXFileReference; fileEncoding = 4; lastKnownFileType = sourcecode.c.h; path = PBXGroup.h; sourceTree = "<group>"; };
		DA7A0218134F06FF00F89E9B /* PBXReference.h */ = {isa = PBXFileReference; fileEncoding = 4; lastKnownFileType = sourcecode.c.h; path = PBXReference.h; sourceTree = "<group>"; };
		DA7A044B134F2EBF00F89E9B /* Protocols.m */ = {isa = PBXFileReference; fileEncoding = 4; lastKnownFileType = sourcecode.c.objc; name = Protocols.m; path = Sources/Protocols.m; sourceTree = "<group>"; };
		DA7A08AD134F4C1600F89E9B /* PBXFileReference.h */ = {isa = PBXFileReference; fileEncoding = 4; lastKnownFileType = sourcecode.c.h; path = PBXFileReference.h; sourceTree = "<group>"; };
		DA7A0C9B1352F8B500F89E9B /* libddcli.a */ = {isa = PBXFileReference; lastKnownFileType = archive.ar; name = libddcli.a; path = Externals/ddcli/lib/libddcli.a; sourceTree = "<group>"; };
		DA7A0D4F135304F000F89E9B /* XCBuildConfiguration.h */ = {isa = PBXFileReference; fileEncoding = 4; lastKnownFileType = sourcecode.c.h; path = XCBuildConfiguration.h; sourceTree = "<group>"; };
		DA8C9FFC1302AF93008B3560 /* PBXBuildPhase.h */ = {isa = PBXFileReference; fileEncoding = 4; lastKnownFileType = sourcecode.c.h; path = PBXBuildPhase.h; sourceTree = "<group>"; };
		DA8C9FFD1302AF93008B3560 /* PBXProject.h */ = {isa = PBXFileReference; fileEncoding = 4; lastKnownFileType = sourcecode.c.h; path = PBXProject.h; sourceTree = "<group>"; };
		DA8C9FFE1302AF93008B3560 /* PBXTarget.h */ = {isa = PBXFileReference; fileEncoding = 4; lastKnownFileType = sourcecode.c.h; path = PBXTarget.h; sourceTree = "<group>"; };
		DA8CA0041302B0D9008B3560 /* DevToolsCore.h */ = {isa = PBXFileReference; fileEncoding = 4; lastKnownFileType = sourcecode.c.h; path = DevToolsCore.h; sourceTree = "<group>"; };
		DA8CA0301302B27C008B3560 /* PBXBuildFile.h */ = {isa = PBXFileReference; fileEncoding = 4; lastKnownFileType = sourcecode.c.h; path = PBXBuildFile.h; sourceTree = "<group>"; };
		DAF6DA9515076749002AFA90 /* XCConfigurationList.h */ = {isa = PBXFileReference; fileEncoding = 4; lastKnownFileType = sourcecode.c.h; path = XCConfigurationList.h; sourceTree = "<group>"; };
		DAFF25CA1303ECB100584E0E /* XCDUndocumentedChecker.h */ = {isa = PBXFileReference; fileEncoding = 4; lastKnownFileType = sourcecode.c.h; lineEnding = 0; name = XCDUndocumentedChecker.h; path = Sources/XCDUndocumentedChecker.h; sourceTree = "<group>"; xcLanguageSpecificationIdentifier = xcode.lang.objcpp; };
		DAFF25CB1303ECB100584E0E /* XCDUndocumentedChecker.m */ = {isa = PBXFileReference; fileEncoding = 4; lastKnownFileType = sourcecode.c.objc; lineEnding = 0; name = XCDUndocumentedChecker.m; path = Sources/XCDUndocumentedChecker.m; sourceTree = "<group>"; xcLanguageSpecificationIdentifier = xcode.lang.objc; };
		DAFF2AD913055EF500584E0E /* Info.plist */ = {isa = PBXFileReference; fileEncoding = 4; lastKnownFileType = text.plist.xml; path = Info.plist; sourceTree = "<group>"; };
/* End PBXFileReference section */

/* Begin PBXFrameworksBuildPhase section */
		8DD76F9B0486AA7600D96B5E /* Frameworks */ = {
			isa = PBXFrameworksBuildPhase;
			buildActionMask = 2147483647;
			files = (
				8DD76F9C0486AA7600D96B5E /* Foundation.framework in Frameworks */,
				DA7A0C9C1352F8B500F89E9B /* libddcli.a in Frameworks */,
			);
			runOnlyForDeploymentPostprocessing = 0;
		};
/* End PBXFrameworksBuildPhase section */

/* Begin PBXGroup section */
		08FB7794FE84155DC02AAC07 /* xcodeproj */ = {
			isa = PBXGroup;
			children = (
				DAFF2AD913055EF500584E0E /* Info.plist */,
				DA8C9FFB1302AF93008B3560 /* DevToolsCore */,
				08FB7795FE84155DC02AAC07 /* Sources */,
				08FB779DFE84155DC02AAC07 /* Frameworks */,
				1AB674ADFE9D54B511CA2CBB /* Products */,
			);
			name = xcodeproj;
			sourceTree = "<group>";
		};
		08FB7795FE84155DC02AAC07 /* Sources */ = {
			isa = PBXGroup;
			children = (
				32A70AAB03705E1F00C91783 /* xcodeproj_Prefix.pch */,
				08FB7796FE84155DC02AAC07 /* main.m */,
				DA7A044B134F2EBF00F89E9B /* Protocols.m */,
				DA1DC00F10E59AED005A103B /* Xcodeproj.h */,
				DA1DC00E10E59AED005A103B /* Xcodeproj.m */,
				DAFF25CA1303ECB100584E0E /* XCDUndocumentedChecker.h */,
				DAFF25CB1303ECB100584E0E /* XCDUndocumentedChecker.m */,
			);
			name = Sources;
			sourceTree = "<group>";
		};
		08FB779DFE84155DC02AAC07 /* Frameworks */ = {
			isa = PBXGroup;
			children = (
				08FB779EFE84155DC02AAC07 /* Foundation.framework */,
				DA7A0C9B1352F8B500F89E9B /* libddcli.a */,
			);
			name = Frameworks;
			sourceTree = "<group>";
		};
		1AB674ADFE9D54B511CA2CBB /* Products */ = {
			isa = PBXGroup;
			children = (
				8DD76FA10486AA7600D96B5E /* xcodeproj */,
			);
			name = Products;
			sourceTree = "<group>";
		};
		DA8C9FFB1302AF93008B3560 /* DevToolsCore */ = {
			isa = PBXGroup;
			children = (
				DA8CA0041302B0D9008B3560 /* DevToolsCore.h */,
				DA8CA0301302B27C008B3560 /* PBXBuildFile.h */,
				DA8C9FFC1302AF93008B3560 /* PBXBuildPhase.h */,
				DA7A018E134F015F00F89E9B /* PBXContainer.h */,
				DA7A08AD134F4C1600F89E9B /* PBXFileReference.h */,
				DA7A018F134F01DE00F89E9B /* PBXGroup.h */,
				DA8C9FFD1302AF93008B3560 /* PBXProject.h */,
				DA7A0218134F06FF00F89E9B /* PBXReference.h */,
				DA8C9FFE1302AF93008B3560 /* PBXTarget.h */,
				DA7A0D4F135304F000F89E9B /* XCBuildConfiguration.h */,
				DAF6DA9515076749002AFA90 /* XCConfigurationList.h */,
			);
			path = DevToolsCore;
			sourceTree = "<group>";
		};
/* End PBXGroup section */

/* Begin PBXNativeTarget section */
		8DD76F960486AA7600D96B5E /* xcodeproj */ = {
			isa = PBXNativeTarget;
			buildConfigurationList = 1DEB927408733DD40010E9CD /* Build configuration list for PBXNativeTarget "xcodeproj" */;
			buildPhases = (
				DAFF2ABD1305512000584E0E /* Check CLITool+InfoPlist */,
				8DD76F990486AA7600D96B5E /* Sources */,
				8DD76F9B0486AA7600D96B5E /* Frameworks */,
			);
			buildRules = (
			);
			dependencies = (
				DA7A01E6134F037300F89E9B /* PBXTargetDependency */,
			);
			name = xcodeproj;
			productInstallPath = "$(HOME)/bin";
			productName = xcodeproj;
			productReference = 8DD76FA10486AA7600D96B5E /* xcodeproj */;
			productType = "com.apple.product-type.tool";
		};
/* End PBXNativeTarget section */

/* Begin PBXProject section */
		08FB7793FE84155DC02AAC07 /* Project object */ = {
			isa = PBXProject;
			attributes = {
				ORGANIZATIONNAME = "Cédric Luthi";
			};
			buildConfigurationList = 1DEB927808733DD40010E9CD /* Build configuration list for PBXProject "xcodeproj" */;
			compatibilityVersion = "Xcode 3.2";
			developmentRegion = English;
			hasScannedForEncodings = 1;
			knownRegions = (
				English,
				Japanese,
				French,
				German,
			);
			mainGroup = 08FB7794FE84155DC02AAC07 /* xcodeproj */;
			projectDirPath = "";
			projectRoot = "";
			targets = (
				8DD76F960486AA7600D96B5E /* xcodeproj */,
				DA7A01DA134F033800F89E9B /* Run Scripts */,
			);
		};
/* End PBXProject section */

/* Begin PBXShellScriptBuildPhase section */
		DA7A01D9134F033800F89E9B /* Extract Type Information */ = {
			isa = PBXShellScriptBuildPhase;
			buildActionMask = 2147483647;
			files = (
			);
			inputPaths = (
			);
			name = "Extract Type Information";
			outputPaths = (
			);
			runOnlyForDeploymentPostprocessing = 0;
			shellPath = /bin/sh;
			shellScript = "export PATH=\"/opt/local/bin:$PATH\"\n./Scripts/extract_type_information.py Info.plist DevToolsCore/*";
		};
		DA7A0444134F2DEB00F89E9B /* Embed Protocols */ = {
			isa = PBXShellScriptBuildPhase;
			buildActionMask = 2147483647;
			files = (
			);
			inputPaths = (
			);
			name = "Embed Protocols";
			outputPaths = (
			);
			runOnlyForDeploymentPostprocessing = 0;
			shellPath = /bin/sh;
			shellScript = "export PATH=\"/opt/local/bin:$PATH\"\n./Scripts/embed_protocols.py Info.plist Sources/Protocols.m";
		};
		DAFF2ABD1305512000584E0E /* Check CLITool+InfoPlist */ = {
			isa = PBXShellScriptBuildPhase;
			buildActionMask = 2147483647;
			files = (
			);
			inputPaths = (
			);
			name = "Check CLITool+InfoPlist";
			outputPaths = (
			);
			runOnlyForDeploymentPostprocessing = 0;
			shellPath = /bin/sh;
			shellScript = "if [ -z \"$CLITOOL_INFOPLIST\" ]; then\n\techo \"error: CLITool+InfoPlist Xcode plugin is not installed, get it at http://github.com/0xced/CLITool-InfoPlist\"\n\texit 1\nfi";
		};
/* End PBXShellScriptBuildPhase section */

/* Begin PBXSourcesBuildPhase section */
		8DD76F990486AA7600D96B5E /* Sources */ = {
			isa = PBXSourcesBuildPhase;
			buildActionMask = 2147483647;
			files = (
				8DD76F9A0486AA7600D96B5E /* main.m in Sources */,
				DA1DC01010E59AED005A103B /* Xcodeproj.m in Sources */,
				DAFF25CC1303ECB100584E0E /* XCDUndocumentedChecker.m in Sources */,
				DA7A044C134F2EBF00F89E9B /* Protocols.m in Sources */,
			);
			runOnlyForDeploymentPostprocessing = 0;
		};
/* End PBXSourcesBuildPhase section */

/* Begin PBXTargetDependency section */
		DA7A01E6134F037300F89E9B /* PBXTargetDependency */ = {
			isa = PBXTargetDependency;
			target = DA7A01DA134F033800F89E9B /* Run Scripts */;
			targetProxy = DA7A01E5134F037300F89E9B /* PBXContainerItemProxy */;
		};
/* End PBXTargetDependency section */

/* Begin XCBuildConfiguration section */
		1DEB927508733DD40010E9CD /* Debug */ = {
			isa = XCBuildConfiguration;
			buildSettings = {
				ALWAYS_SEARCH_USER_PATHS = NO;
				COPY_PHASE_STRIP = NO;
				GCC_DYNAMIC_NO_PIC = NO;
				GCC_MODEL_TUNING = G5;
				GCC_OPTIMIZATION_LEVEL = 0;
				GCC_PRECOMPILE_PREFIX_HEADER = YES;
				GCC_PREFIX_HEADER = Sources/xcodeproj_Prefix.pch;
				INFOPLIST_FILE = Info.plist;
				PRODUCT_NAME = xcodeproj;
				SKIP_INSTALL = NO;
			};
			name = Debug;
		};
		1DEB927608733DD40010E9CD /* Release */ = {
			isa = XCBuildConfiguration;
			buildSettings = {
				ALWAYS_SEARCH_USER_PATHS = NO;
				DEBUG_INFORMATION_FORMAT = "dwarf-with-dsym";
				DEPLOYMENT_POSTPROCESSING = YES;
				GCC_MODEL_TUNING = G5;
				GCC_PRECOMPILE_PREFIX_HEADER = YES;
				GCC_PREFIX_HEADER = Sources/xcodeproj_Prefix.pch;
				INFOPLIST_FILE = Info.plist;
				PRODUCT_NAME = xcodeproj;
				SKIP_INSTALL = NO;
			};
			name = Release;
		};
		1DEB927908733DD40010E9CD /* Debug */ = {
			isa = XCBuildConfiguration;
			buildSettings = {
				ARCHS = "$(ARCHS_STANDARD_32_64_BIT)";
				CURRENT_PROJECT_VERSION = 0.1;
				DEPLOYMENT_LOCATION = YES;
				DSTROOT = "$(DEVELOPER_DIR)";
				GCC_C_LANGUAGE_STANDARD = c99;
				GCC_ENABLE_OBJC_GC = required;
				GCC_OPTIMIZATION_LEVEL = 0;
				GCC_WARN_ABOUT_RETURN_TYPE = YES;
				GCC_WARN_UNUSED_VARIABLE = YES;
				HEADER_SEARCH_PATHS = (
					"\"$(SRCROOT)/Externals/ddcli/include\"",
					"\"$(SRCROOT)\"",
				);
				INSTALL_PATH = /usr/bin;
				LD_RUNPATH_SEARCH_PATHS = "@loader_path/../../Library/Xcode/PrivatePlugIns/Xcode3Core.ideplugin/Contents/Frameworks @loader_path/../../Library/PrivateFrameworks/";
				LIBRARY_SEARCH_PATHS = "\"$(SRCROOT)/Externals/ddcli/lib\"";
				ONLY_ACTIVE_ARCH = YES;
				SDKROOT = macosx;
			};
			name = Debug;
		};
		1DEB927A08733DD40010E9CD /* Release */ = {
			isa = XCBuildConfiguration;
			buildSettings = {
				ARCHS = "$(ARCHS_STANDARD_32_64_BIT)";
				CURRENT_PROJECT_VERSION = 0.1;
				DEPLOYMENT_LOCATION = YES;
				DSTROOT = "$(DEVELOPER_DIR)";
				GCC_C_LANGUAGE_STANDARD = c99;
				GCC_ENABLE_OBJC_GC = required;
				GCC_WARN_ABOUT_RETURN_TYPE = YES;
				GCC_WARN_UNUSED_VARIABLE = YES;
				HEADER_SEARCH_PATHS = (
					"\"$(SRCROOT)/Externals/ddcli/include\"",
					"\"$(SRCROOT)\"",
				);
				INSTALL_PATH = /usr/bin;
				LD_RUNPATH_SEARCH_PATHS = "@loader_path/../../Library/Xcode/PrivatePlugIns/Xcode3Core.ideplugin/Contents/Frameworks @loader_path/../../Library/PrivateFrameworks/";
				LIBRARY_SEARCH_PATHS = "\"$(SRCROOT)/Externals/ddcli/lib\"";
				SDKROOT = macosx;
			};
			name = Release;
		};
		DA7A01DB134F033800F89E9B /* Debug */ = {
			isa = XCBuildConfiguration;
			buildSettings = {
				PRODUCT_NAME = "Run Scripts";
				SDKROOT = macosx;
			};
			name = Debug;
		};
		DA7A01DC134F033800F89E9B /* Release */ = {
			isa = XCBuildConfiguration;
			buildSettings = {
				PRODUCT_NAME = "Run Scripts";
				SDKROOT = macosx;
			};
			name = Release;
		};
/* End XCBuildConfiguration section */

/* Begin XCConfigurationList section */
		1DEB927408733DD40010E9CD /* Build configuration list for PBXNativeTarget "xcodeproj" */ = {
			isa = XCConfigurationList;
			buildConfigurations = (
				1DEB927508733DD40010E9CD /* Debug */,
				1DEB927608733DD40010E9CD /* Release */,
			);
			defaultConfigurationIsVisible = 0;
			defaultConfigurationName = Release;
		};
		1DEB927808733DD40010E9CD /* Build configuration list for PBXProject "xcodeproj" */ = {
			isa = XCConfigurationList;
			buildConfigurations = (
				1DEB927908733DD40010E9CD /* Debug */,
				1DEB927A08733DD40010E9CD /* Release */,
			);
			defaultConfigurationIsVisible = 0;
			defaultConfigurationName = Release;
		};
		DA7A01E3134F033F00F89E9B /* Build configuration list for PBXAggregateTarget "Run Scripts" */ = {
			isa = XCConfigurationList;
			buildConfigurations = (
				DA7A01DB134F033800F89E9B /* Debug */,
				DA7A01DC134F033800F89E9B /* Release */,
			);
			defaultConfigurationIsVisible = 0;
			defaultConfigurationName = Release;
		};
/* End XCConfigurationList section */
	};
	rootObject = 08FB7793FE84155DC02AAC07 /* Project object */;
}
