// !$*UTF8*$!
{
	archiveVersion = 1;
	classes = {
	};
	objectVersion = 45;
	objects = {

/* Begin PBXBuildFile section */
		8DD76F9A0486AA7600D96B5E /* main.m in Sources */ = {isa = PBXBuildFile; fileRef = 08FB7796FE84155DC02AAC07 /* main.m */; settings = {ATTRIBUTES = (); }; };
		8DD76F9C0486AA7600D96B5E /* Foundation.framework in Frameworks */ = {isa = PBXBuildFile; fileRef = 08FB779EFE84155DC02AAC07 /* Foundation.framework */; };
		DA1DC01010E59AED005A103B /* Xcodeproj.m in Sources */ = {isa = PBXBuildFile; fileRef = DA1DC00E10E59AED005A103B /* Xcodeproj.m */; };
		DA524B56130081F700D04282 /* libddcli.a in Frameworks */ = {isa = PBXBuildFile; fileRef = DA524B51130081E500D04282 /* libddcli.a */; };
		DAFF25CC1303ECB100584E0E /* CLUndocumentedChecker.m in Sources */ = {isa = PBXBuildFile; fileRef = DAFF25CB1303ECB100584E0E /* CLUndocumentedChecker.m */; };
/* End PBXBuildFile section */

/* Begin PBXContainerItemProxy section */
		DA524B4C130081E500D04282 /* PBXContainerItemProxy */ = {
			isa = PBXContainerItemProxy;
			containerPortal = DA1DBFA610E599F2005A103B /* ddcli.xcodeproj */;
			proxyType = 2;
			remoteGlobalIDString = 8DD76FA10486AA7600D96B5E;
			remoteInfo = example;
		};
		DA524B4E130081E500D04282 /* PBXContainerItemProxy */ = {
			isa = PBXContainerItemProxy;
			containerPortal = DA1DBFA610E599F2005A103B /* ddcli.xcodeproj */;
			proxyType = 2;
			remoteGlobalIDString = 55CCE9760C1380C900FA06C6;
			remoteInfo = simple;
		};
		DA524B50130081E500D04282 /* PBXContainerItemProxy */ = {
			isa = PBXContainerItemProxy;
			containerPortal = DA1DBFA610E599F2005A103B /* ddcli.xcodeproj */;
			proxyType = 2;
			remoteGlobalIDString = 55CCE92E0C137F7D00FA06C6;
			remoteInfo = ddcli;
		};
		DA524B54130081EB00D04282 /* PBXContainerItemProxy */ = {
			isa = PBXContainerItemProxy;
			containerPortal = DA1DBFA610E599F2005A103B /* ddcli.xcodeproj */;
			proxyType = 1;
			remoteGlobalIDString = 55CCE92D0C137F7D00FA06C6;
			remoteInfo = ddcli;
		};
/* End PBXContainerItemProxy section */

/* Begin PBXFileReference section */
		08FB7796FE84155DC02AAC07 /* main.m */ = {isa = PBXFileReference; fileEncoding = 4; lastKnownFileType = sourcecode.c.objc; name = main.m; path = Sources/main.m; sourceTree = "<group>"; };
		08FB779EFE84155DC02AAC07 /* Foundation.framework */ = {isa = PBXFileReference; lastKnownFileType = wrapper.framework; name = Foundation.framework; path = /System/Library/Frameworks/Foundation.framework; sourceTree = "<absolute>"; };
		32A70AAB03705E1F00C91783 /* xcodeproj_Prefix.pch */ = {isa = PBXFileReference; fileEncoding = 4; lastKnownFileType = sourcecode.c.h; name = xcodeproj_Prefix.pch; path = Sources/xcodeproj_Prefix.pch; sourceTree = "<group>"; };
		8DD76FA10486AA7600D96B5E /* xcodeproj */ = {isa = PBXFileReference; explicitFileType = "compiled.mach-o.executable"; includeInIndex = 0; path = xcodeproj; sourceTree = BUILT_PRODUCTS_DIR; };
		DA1DBFA610E599F2005A103B /* ddcli.xcodeproj */ = {isa = PBXFileReference; lastKnownFileType = "wrapper.pb-project"; name = ddcli.xcodeproj; path = Sources/ddcli/ddcli.xcodeproj; sourceTree = DEVELOPER_DIR; };
		DA1DC00E10E59AED005A103B /* Xcodeproj.m */ = {isa = PBXFileReference; fileEncoding = 4; lastKnownFileType = sourcecode.c.objc; name = Xcodeproj.m; path = Sources/Xcodeproj.m; sourceTree = "<group>"; };
		DA1DC00F10E59AED005A103B /* Xcodeproj.h */ = {isa = PBXFileReference; fileEncoding = 4; lastKnownFileType = sourcecode.c.h; name = Xcodeproj.h; path = Sources/Xcodeproj.h; sourceTree = "<group>"; };
		DA8C9FFC1302AF93008B3560 /* PBXBuildPhase.h */ = {isa = PBXFileReference; fileEncoding = 4; lastKnownFileType = sourcecode.c.h; path = PBXBuildPhase.h; sourceTree = "<group>"; };
		DA8C9FFD1302AF93008B3560 /* PBXProject.h */ = {isa = PBXFileReference; fileEncoding = 4; lastKnownFileType = sourcecode.c.h; path = PBXProject.h; sourceTree = "<group>"; };
		DA8C9FFE1302AF93008B3560 /* PBXTarget.h */ = {isa = PBXFileReference; fileEncoding = 4; lastKnownFileType = sourcecode.c.h; path = PBXTarget.h; sourceTree = "<group>"; };
		DA8CA0041302B0D9008B3560 /* DevToolsCore.h */ = {isa = PBXFileReference; fileEncoding = 4; lastKnownFileType = sourcecode.c.h; path = DevToolsCore.h; sourceTree = "<group>"; };
		DA8CA0301302B27C008B3560 /* PBXBuildFile.h */ = {isa = PBXFileReference; fileEncoding = 4; lastKnownFileType = sourcecode.c.h; path = PBXBuildFile.h; sourceTree = "<group>"; };
		DAFF25CA1303ECB100584E0E /* CLUndocumentedChecker.h */ = {isa = PBXFileReference; fileEncoding = 4; lastKnownFileType = sourcecode.c.h; name = CLUndocumentedChecker.h; path = Sources/CLUndocumentedChecker.h; sourceTree = "<group>"; };
		DAFF25CB1303ECB100584E0E /* CLUndocumentedChecker.m */ = {isa = PBXFileReference; fileEncoding = 4; lastKnownFileType = sourcecode.c.objc; name = CLUndocumentedChecker.m; path = Sources/CLUndocumentedChecker.m; sourceTree = "<group>"; };
		DAFF2AD913055EF500584E0E /* Info.plist */ = {isa = PBXFileReference; fileEncoding = 4; lastKnownFileType = text.plist.xml; path = Info.plist; sourceTree = "<group>"; };
/* End PBXFileReference section */

/* Begin PBXFrameworksBuildPhase section */
		8DD76F9B0486AA7600D96B5E /* Frameworks */ = {
			isa = PBXFrameworksBuildPhase;
			buildActionMask = 2147483647;
			files = (
				DA524B56130081F700D04282 /* libddcli.a in Frameworks */,
				8DD76F9C0486AA7600D96B5E /* Foundation.framework in Frameworks */,
			);
			runOnlyForDeploymentPostprocessing = 0;
		};
/* End PBXFrameworksBuildPhase section */

/* Begin PBXGroup section */
		08FB7794FE84155DC02AAC07 /* xcodeproj */ = {
			isa = PBXGroup;
			children = (
				DA1DBFA610E599F2005A103B /* ddcli.xcodeproj */,
				DAFF2AD913055EF500584E0E /* Info.plist */,
				DA8C9FFB1302AF93008B3560 /* DevToolsCore */,
				08FB7795FE84155DC02AAC07 /* Sources */,
				08FB779DFE84155DC02AAC07 /* Frameworks */,
				1AB674ADFE9D54B511CA2CBB /* Products */,
			);
			name = xcodeproj;
			sourceTree = "<group>";
		};
		08FB7795FE84155DC02AAC07 /* Sources */ = {
			isa = PBXGroup;
			children = (
				32A70AAB03705E1F00C91783 /* xcodeproj_Prefix.pch */,
				08FB7796FE84155DC02AAC07 /* main.m */,
				DA1DC00F10E59AED005A103B /* Xcodeproj.h */,
				DA1DC00E10E59AED005A103B /* Xcodeproj.m */,
				DAFF25CA1303ECB100584E0E /* CLUndocumentedChecker.h */,
				DAFF25CB1303ECB100584E0E /* CLUndocumentedChecker.m */,
			);
			name = Sources;
			sourceTree = "<group>";
		};
		08FB779DFE84155DC02AAC07 /* Frameworks */ = {
			isa = PBXGroup;
			children = (
				08FB779EFE84155DC02AAC07 /* Foundation.framework */,
			);
			name = Frameworks;
			sourceTree = "<group>";
		};
		1AB674ADFE9D54B511CA2CBB /* Products */ = {
			isa = PBXGroup;
			children = (
				8DD76FA10486AA7600D96B5E /* xcodeproj */,
			);
			name = Products;
			sourceTree = "<group>";
		};
		DA524B46130081E500D04282 /* Products */ = {
			isa = PBXGroup;
			children = (
				DA524B4D130081E500D04282 /* example */,
				DA524B4F130081E500D04282 /* simple */,
				DA524B51130081E500D04282 /* libddcli.a */,
			);
			name = Products;
			sourceTree = "<group>";
		};
		DA8C9FFB1302AF93008B3560 /* DevToolsCore */ = {
			isa = PBXGroup;
			children = (
				DA8CA0041302B0D9008B3560 /* DevToolsCore.h */,
				DA8CA0301302B27C008B3560 /* PBXBuildFile.h */,
				DA8C9FFC1302AF93008B3560 /* PBXBuildPhase.h */,
				DA8C9FFD1302AF93008B3560 /* PBXProject.h */,
				DA8C9FFE1302AF93008B3560 /* PBXTarget.h */,
			);
			path = DevToolsCore;
			sourceTree = "<group>";
		};
/* End PBXGroup section */

/* Begin PBXNativeTarget section */
		8DD76F960486AA7600D96B5E /* xcodeproj */ = {
			isa = PBXNativeTarget;
			buildConfigurationList = 1DEB927408733DD40010E9CD /* Build configuration list for PBXNativeTarget "xcodeproj" */;
			buildPhases = (
				DAFF2ABD1305512000584E0E /* Check CLITool+InfoPlist */,
				8DD76F990486AA7600D96B5E /* Sources */,
				8DD76F9B0486AA7600D96B5E /* Frameworks */,
			);
			buildRules = (
			);
			dependencies = (
				DA524B55130081EB00D04282 /* PBXTargetDependency */,
			);
			name = xcodeproj;
			productInstallPath = "$(HOME)/bin";
			productName = xcodeproj;
			productReference = 8DD76FA10486AA7600D96B5E /* xcodeproj */;
			productType = "com.apple.product-type.tool";
		};
/* End PBXNativeTarget section */

/* Begin PBXProject section */
		08FB7793FE84155DC02AAC07 /* Project object */ = {
			isa = PBXProject;
			attributes = {
				ORGANIZATIONNAME = "Cédric Luthi";
			};
			buildConfigurationList = 1DEB927808733DD40010E9CD /* Build configuration list for PBXProject "xcodeproj" */;
			compatibilityVersion = "Xcode 3.1";
			developmentRegion = English;
			hasScannedForEncodings = 1;
			knownRegions = (
				English,
				Japanese,
				French,
				German,
			);
			mainGroup = 08FB7794FE84155DC02AAC07 /* xcodeproj */;
			projectDirPath = "";
			projectReferences = (
				{
					ProductGroup = DA524B46130081E500D04282 /* Products */;
					ProjectRef = DA1DBFA610E599F2005A103B /* ddcli.xcodeproj */;
				},
			);
			projectRoot = "";
			targets = (
				8DD76F960486AA7600D96B5E /* xcodeproj */,
			);
		};
/* End PBXProject section */

/* Begin PBXReferenceProxy section */
		DA524B4D130081E500D04282 /* example */ = {
			isa = PBXReferenceProxy;
			fileType = "compiled.mach-o.executable";
			path = example;
			remoteRef = DA524B4C130081E500D04282 /* PBXContainerItemProxy */;
			sourceTree = BUILT_PRODUCTS_DIR;
		};
		DA524B4F130081E500D04282 /* simple */ = {
			isa = PBXReferenceProxy;
			fileType = "compiled.mach-o.executable";
			path = simple;
			remoteRef = DA524B4E130081E500D04282 /* PBXContainerItemProxy */;
			sourceTree = BUILT_PRODUCTS_DIR;
		};
		DA524B51130081E500D04282 /* libddcli.a */ = {
			isa = PBXReferenceProxy;
			fileType = archive.ar;
			path = libddcli.a;
			remoteRef = DA524B50130081E500D04282 /* PBXContainerItemProxy */;
			sourceTree = BUILT_PRODUCTS_DIR;
		};
/* End PBXReferenceProxy section */

/* Begin PBXShellScriptBuildPhase section */
		DAFF2ABD1305512000584E0E /* Check CLITool+InfoPlist */ = {
			isa = PBXShellScriptBuildPhase;
			buildActionMask = 2147483647;
			files = (
			);
			inputPaths = (
			);
			name = "Check CLITool+InfoPlist";
			outputPaths = (
			);
			runOnlyForDeploymentPostprocessing = 0;
			shellPath = /bin/sh;
			shellScript = "if [ -z \"$CLITOOL_INFOPLIST\" ]; then\n\techo \"error: CLITool+InfoPlist Xcode plugin is not installed, get it at http://github.com/0xced/CLITool-InfoPlist\"\n\texit 1\nfi";
		};
/* End PBXShellScriptBuildPhase section */

/* Begin PBXSourcesBuildPhase section */
		8DD76F990486AA7600D96B5E /* Sources */ = {
			isa = PBXSourcesBuildPhase;
			buildActionMask = 2147483647;
			files = (
				8DD76F9A0486AA7600D96B5E /* main.m in Sources */,
				DA1DC01010E59AED005A103B /* Xcodeproj.m in Sources */,
				DAFF25CC1303ECB100584E0E /* CLUndocumentedChecker.m in Sources */,
			);
			runOnlyForDeploymentPostprocessing = 0;
		};
/* End PBXSourcesBuildPhase section */

/* Begin PBXTargetDependency section */
		DA524B55130081EB00D04282 /* PBXTargetDependency */ = {
			isa = PBXTargetDependency;
			name = ddcli;
			targetProxy = DA524B54130081EB00D04282 /* PBXContainerItemProxy */;
		};
/* End PBXTargetDependency section */

/* Begin XCBuildConfiguration section */
		1DEB927508733DD40010E9CD /* Debug */ = {
			isa = XCBuildConfiguration;
			buildSettings = {
				ALWAYS_SEARCH_USER_PATHS = NO;
				COPY_PHASE_STRIP = NO;
				GCC_DYNAMIC_NO_PIC = NO;
				GCC_ENABLE_FIX_AND_CONTINUE = YES;
				GCC_MODEL_TUNING = G5;
				GCC_OPTIMIZATION_LEVEL = 0;
				GCC_PRECOMPILE_PREFIX_HEADER = YES;
				GCC_PREFIX_HEADER = Sources/xcodeproj_Prefix.pch;
				INFOPLIST_FILE = Info.plist;
				PRODUCT_NAME = xcodeproj;
				SKIP_INSTALL = NO;
			};
			name = Debug;
		};
		1DEB927608733DD40010E9CD /* Release */ = {
			isa = XCBuildConfiguration;
			buildSettings = {
				ALWAYS_SEARCH_USER_PATHS = NO;
				DEBUG_INFORMATION_FORMAT = "dwarf-with-dsym";
				DEPLOYMENT_POSTPROCESSING = YES;
				GCC_MODEL_TUNING = G5;
				GCC_PRECOMPILE_PREFIX_HEADER = YES;
				GCC_PREFIX_HEADER = Sources/xcodeproj_Prefix.pch;
				INFOPLIST_FILE = Info.plist;
				PRODUCT_NAME = xcodeproj;
				SKIP_INSTALL = NO;
			};
			name = Release;
		};
		1DEB927908733DD40010E9CD /* Debug */ = {
			isa = XCBuildConfiguration;
			buildSettings = {
				ARCHS = "$(ARCHS_STANDARD_32_BIT)";
				CURRENT_PROJECT_VERSION = 0.1;
				DEPLOYMENT_LOCATION = YES;
				DSTROOT = "$(DEVELOPER_DIR)";
				GCC_C_LANGUAGE_STANDARD = c99;
				GCC_OPTIMIZATION_LEVEL = 0;
				GCC_WARN_ABOUT_RETURN_TYPE = YES;
				GCC_WARN_UNUSED_VARIABLE = YES;
				HEADER_SEARCH_PATHS = (
					"$(DEVELOPER_DIR)/Sources/ddcli-1.0/lib",
					.,
				);
				INSTALL_PATH = /usr/bin;
				LD_RUNPATH_SEARCH_PATHS = "@loader_path/../../Library/PrivateFrameworks/";
				ONLY_ACTIVE_ARCH = YES;
				PREBINDING = NO;
				SDKROOT = macosx10.5;
			};
			name = Debug;
		};
		1DEB927A08733DD40010E9CD /* Release */ = {
			isa = XCBuildConfiguration;
			buildSettings = {
				ARCHS = "$(ARCHS_STANDARD_32_BIT)";
				CURRENT_PROJECT_VERSION = 0.1;
				DEPLOYMENT_LOCATION = YES;
				DSTROOT = "$(DEVELOPER_DIR)";
				GCC_C_LANGUAGE_STANDARD = c99;
				GCC_WARN_ABOUT_RETURN_TYPE = YES;
				GCC_WARN_UNUSED_VARIABLE = YES;
				HEADER_SEARCH_PATHS = (
					"$(DEVELOPER_DIR)/Sources/ddcli-1.0/lib",
					.,
				);
				INSTALL_PATH = /usr/bin;
				LD_RUNPATH_SEARCH_PATHS = "@loader_path/../../Library/PrivateFrameworks/";
				PREBINDING = NO;
				SDKROOT = macosx10.5;
			};
			name = Release;
		};
/* End XCBuildConfiguration section */

/* Begin XCConfigurationList section */
		1DEB927408733DD40010E9CD /* Build configuration list for PBXNativeTarget "xcodeproj" */ = {
			isa = XCConfigurationList;
			buildConfigurations = (
				1DEB927508733DD40010E9CD /* Debug */,
				1DEB927608733DD40010E9CD /* Release */,
			);
			defaultConfigurationIsVisible = 0;
			defaultConfigurationName = Release;
		};
		1DEB927808733DD40010E9CD /* Build configuration list for PBXProject "xcodeproj" */ = {
			isa = XCConfigurationList;
			buildConfigurations = (
				1DEB927908733DD40010E9CD /* Debug */,
				1DEB927A08733DD40010E9CD /* Release */,
			);
			defaultConfigurationIsVisible = 0;
			defaultConfigurationName = Release;
		};
/* End XCConfigurationList section */
	};
	rootObject = 08FB7793FE84155DC02AAC07 /* Project object */;
}
